
Microsoft Visual Studio Solution File, Format Version 12.00
# Visual Studio Version 17
VisualStudioVersion = 17.11.35303.130
MinimumVisualStudioVersion = 10.0.40219.1
Project("{FAE04EC0-301F-11D3-BF4B-00C04F79EFBC}") = "QuanLyShop", "QuanLyShop.csproj", "{93B5F099-3FA6-4856-9273-EB59BFBA4435}"
EndProject
Global
	GlobalSection(SolutionConfigurationPlatforms) = preSolution
		Debug|Any CPU = Debug|Any CPU
		Release|Any CPU = Release|Any CPU
	EndGlobalSection
	GlobalSection(ProjectConfigurationPlatforms) = postSolution
		{93B5F099-3FA6-4856-9273-EB59BFBA4435}.Debug|Any CPU.ActiveCfg = Debug|Any CPU
		{93B5F099-3FA6-4856-9273-EB59BFBA4435}.Debug|Any CPU.Build.0 = Debug|Any CPU
		{93B5F099-3FA6-4856-9273-EB59BFBA4435}.Release|Any CPU.ActiveCfg = Release|Any CPU
		{93B5F099-3FA6-4856-9273-EB59BFBA4435}.Release|Any CPU.Build.0 = Release|Any CPU
	EndGlobalSection
	GlobalSection(SolutionProperties) = preSolution
		HideSolutionNode = FALSE
	EndGlobalSection
	GlobalSection(ExtensibilityGlobals) = postSolution
		SolutionGuid = {E5B3AC33-AC8D-440B-B808-5583EF5480B1}
	EndGlobalSection
EndGlobal
